
Microsoft Visual Studio Solution File, Format Version 12.00
# Visual Studio Version 16
VisualStudioVersion = 16.0.32002.261
MinimumVisualStudioVersion = 10.0.40219.1
Project("{FAE04EC0-301F-11D3-BF4B-00C04F79EFBC}") = "Mission4", "Mission4\Mission4.csproj", "{D0230CB0-7538-4EF4-895F-B6AF01ADAE05}"
EndProject
Global
	GlobalSection(SolutionConfigurationPlatforms) = preSolution
		Debug|Any CPU = Debug|Any CPU
		Release|Any CPU = Release|Any CPU
	EndGlobalSection
	GlobalSection(ProjectConfigurationPlatforms) = postSolution
		{D0230CB0-7538-4EF4-895F-B6AF01ADAE05}.Debug|Any CPU.ActiveCfg = Debug|Any CPU
		{D0230CB0-7538-4EF4-895F-B6AF01ADAE05}.Debug|Any CPU.Build.0 = Debug|Any CPU
		{D0230CB0-7538-4EF4-895F-B6AF01ADAE05}.Release|Any CPU.ActiveCfg = Release|Any CPU
		{D0230CB0-7538-4EF4-895F-B6AF01ADAE05}.Release|Any CPU.Build.0 = Release|Any CPU
	EndGlobalSection
	GlobalSection(SolutionProperties) = preSolution
		HideSolutionNode = FALSE
	EndGlobalSection
	GlobalSection(ExtensibilityGlobals) = postSolution
		SolutionGuid = {CCD77382-BBC8-4350-BB1A-E92D171FBAB2}
	EndGlobalSection
EndGlobal
